
Microsoft Visual Studio Solution File, Format Version 12.00
# Visual Studio Version 17
VisualStudioVersion = 17.5.33402.96
MinimumVisualStudioVersion = 10.0.40219.1
Project("{9A19103F-16F7-4668-BE54-9A1E7A4F7556}") = "NativeLib", "NativeLib.csproj", "{3BF4C9A9-D019-4E09-9E94-61ED73E4592C}"
EndProject
Global
	GlobalSection(SolutionConfigurationPlatforms) = preSolution
		Debug|Any CPU = Debug|Any CPU
		Release|Any CPU = Release|Any CPU
	EndGlobalSection
	GlobalSection(ProjectConfigurationPlatforms) = postSolution
		{3BF4C9A9-D019-4E09-9E94-61ED73E4592C}.Debug|Any CPU.ActiveCfg = Debug|Any CPU
		{3BF4C9A9-D019-4E09-9E94-61ED73E4592C}.Debug|Any CPU.Build.0 = Debug|Any CPU
		{3BF4C9A9-D019-4E09-9E94-61ED73E4592C}.Release|Any CPU.ActiveCfg = Release|Any CPU
		{3BF4C9A9-D019-4E09-9E94-61ED73E4592C}.Release|Any CPU.Build.0 = Release|Any CPU
	EndGlobalSection
	GlobalSection(SolutionProperties) = preSolution
		HideSolutionNode = FALSE
	EndGlobalSection
	GlobalSection(ExtensibilityGlobals) = postSolution
		SolutionGuid = {98496F70-871C-4144-B720-C0EC5FA4B0D9}
	EndGlobalSection
EndGlobal
