
Microsoft Visual Studio Solution File, Format Version 12.00
# Visual Studio Version 17
VisualStudioVersion = 17.7.33927.210
MinimumVisualStudioVersion = 10.0.40219.1
Project("{9A19103F-16F7-4668-BE54-9A1E7A4F7556}") = "BookSample.GraphQL", "BookSample.GraphQL.csproj", "{6015843F-FB13-49BC-9B2D-2683AD653DF6}"
EndProject
Project("{9A19103F-16F7-4668-BE54-9A1E7A4F7556}") = "BookSample.Data", "..\BookSample.Data\BookSample.Data.csproj", "{0A736F6B-44E8-4F91-92DC-961F7E8AEC6B}"
EndProject
Project("{9A19103F-16F7-4668-BE54-9A1E7A4F7556}") = "BookSample.ReviewAPIClient", "..\BookSample.ReviewAPIClient\BookSample.ReviewAPIClient.csproj", "{50F13076-70F2-4B50-9ABD-BBB881A4BF75}"
EndProject
Project("{9A19103F-16F7-4668-BE54-9A1E7A4F7556}") = "BookSample.FakeDataGenerator", "..\BookSample.FakeDataGenerator\BookSample.FakeDataGenerator.csproj", "{AA70DE8F-F12E-4417-A100-1CFD658CA208}"
EndProject
Project("{FAE04EC0-301F-11D3-BF4B-00C04F79EFBC}") = "BookSample.Services", "..\BookSample.Services\BookSample.Services.csproj", "{65019950-836E-48A5-8411-E0FAE5BC31C6}"
EndProject
Global
	GlobalSection(SolutionConfigurationPlatforms) = preSolution
		Debug|Any CPU = Debug|Any CPU
		Release|Any CPU = Release|Any CPU
	EndGlobalSection
	GlobalSection(ProjectConfigurationPlatforms) = postSolution
		{6015843F-FB13-49BC-9B2D-2683AD653DF6}.Debug|Any CPU.ActiveCfg = Debug|Any CPU
		{6015843F-FB13-49BC-9B2D-2683AD653DF6}.Debug|Any CPU.Build.0 = Debug|Any CPU
		{6015843F-FB13-49BC-9B2D-2683AD653DF6}.Release|Any CPU.ActiveCfg = Release|Any CPU
		{6015843F-FB13-49BC-9B2D-2683AD653DF6}.Release|Any CPU.Build.0 = Release|Any CPU
		{0A736F6B-44E8-4F91-92DC-961F7E8AEC6B}.Debug|Any CPU.ActiveCfg = Debug|Any CPU
		{0A736F6B-44E8-4F91-92DC-961F7E8AEC6B}.Debug|Any CPU.Build.0 = Debug|Any CPU
		{0A736F6B-44E8-4F91-92DC-961F7E8AEC6B}.Release|Any CPU.ActiveCfg = Release|Any CPU
		{0A736F6B-44E8-4F91-92DC-961F7E8AEC6B}.Release|Any CPU.Build.0 = Release|Any CPU
		{50F13076-70F2-4B50-9ABD-BBB881A4BF75}.Debug|Any CPU.ActiveCfg = Debug|Any CPU
		{50F13076-70F2-4B50-9ABD-BBB881A4BF75}.Debug|Any CPU.Build.0 = Debug|Any CPU
		{50F13076-70F2-4B50-9ABD-BBB881A4BF75}.Release|Any CPU.ActiveCfg = Release|Any CPU
		{50F13076-70F2-4B50-9ABD-BBB881A4BF75}.Release|Any CPU.Build.0 = Release|Any CPU
		{AA70DE8F-F12E-4417-A100-1CFD658CA208}.Debug|Any CPU.ActiveCfg = Debug|Any CPU
		{AA70DE8F-F12E-4417-A100-1CFD658CA208}.Debug|Any CPU.Build.0 = Debug|Any CPU
		{AA70DE8F-F12E-4417-A100-1CFD658CA208}.Release|Any CPU.ActiveCfg = Release|Any CPU
		{AA70DE8F-F12E-4417-A100-1CFD658CA208}.Release|Any CPU.Build.0 = Release|Any CPU
		{65019950-836E-48A5-8411-E0FAE5BC31C6}.Debug|Any CPU.ActiveCfg = Debug|Any CPU
		{65019950-836E-48A5-8411-E0FAE5BC31C6}.Debug|Any CPU.Build.0 = Debug|Any CPU
		{65019950-836E-48A5-8411-E0FAE5BC31C6}.Release|Any CPU.ActiveCfg = Release|Any CPU
		{65019950-836E-48A5-8411-E0FAE5BC31C6}.Release|Any CPU.Build.0 = Release|Any CPU
	EndGlobalSection
	GlobalSection(SolutionProperties) = preSolution
		HideSolutionNode = FALSE
	EndGlobalSection
	GlobalSection(ExtensibilityGlobals) = postSolution
		SolutionGuid = {07BF8EFE-B83F-4FE8-93D1-13A6747B3827}
	EndGlobalSection
EndGlobal
