
Microsoft Visual Studio Solution File, Format Version 12.00
# Visual Studio Version 17
VisualStudioVersion = 17.5.33402.96
MinimumVisualStudioVersion = 10.0.40219.1
Project("{9A19103F-16F7-4668-BE54-9A1E7A4F7556}") = "One", "One.csproj", "{9ABC6BEC-5B96-4E97-91A0-7CDAAF29A1D1}"
EndProject
Project("{9A19103F-16F7-4668-BE54-9A1E7A4F7556}") = "Two", "..\Two\Two.csproj", "{252FFD06-C11A-407A-8F45-83DE33DA4313}"
EndProject
Global
	GlobalSection(SolutionConfigurationPlatforms) = preSolution
		Debug|Any CPU = Debug|Any CPU
		Release|Any CPU = Release|Any CPU
	EndGlobalSection
	GlobalSection(ProjectConfigurationPlatforms) = postSolution
		{9ABC6BEC-5B96-4E97-91A0-7CDAAF29A1D1}.Debug|Any CPU.ActiveCfg = Debug|Any CPU
		{9ABC6BEC-5B96-4E97-91A0-7CDAAF29A1D1}.Debug|Any CPU.Build.0 = Debug|Any CPU
		{9ABC6BEC-5B96-4E97-91A0-7CDAAF29A1D1}.Release|Any CPU.ActiveCfg = Release|Any CPU
		{9ABC6BEC-5B96-4E97-91A0-7CDAAF29A1D1}.Release|Any CPU.Build.0 = Release|Any CPU
		{252FFD06-C11A-407A-8F45-83DE33DA4313}.Debug|Any CPU.ActiveCfg = Debug|Any CPU
		{252FFD06-C11A-407A-8F45-83DE33DA4313}.Debug|Any CPU.Build.0 = Debug|Any CPU
		{252FFD06-C11A-407A-8F45-83DE33DA4313}.Release|Any CPU.ActiveCfg = Release|Any CPU
		{252FFD06-C11A-407A-8F45-83DE33DA4313}.Release|Any CPU.Build.0 = Release|Any CPU
	EndGlobalSection
	GlobalSection(SolutionProperties) = preSolution
		HideSolutionNode = FALSE
	EndGlobalSection
	GlobalSection(ExtensibilityGlobals) = postSolution
		SolutionGuid = {FB48656B-840C-4B3A-A97B-DFAD5757E27B}
	EndGlobalSection
EndGlobal
